<?xml version="1.0" encoding="utf-8"?>
<Project ToolsVersion="4.0" xmlns="http://schemas.microsoft.com/developer/msbuild/2003">
  <ItemGroup>
    <Filter Include="Source Files">
      <UniqueIdentifier>{4FC737F1-C7A5-4376-A066-2A32D752A2FF}</UniqueIdentifier>
      <Extensions>cpp;c;cc;cxx;c++;cppm;ixx;def;odl;idl;hpj;bat;asm;asmx</Extensions>
    </Filter>
    <Filter Include="Header Files">
      <UniqueIdentifier>{93995380-89BD-4b04-88EB-625FBE52EBFB}</UniqueIdentifier>
      <Extensions>h;hh;hpp;hxx;h++;hm;inl;inc;ipp;xsd</Extensions>
    </Filter>
    <Filter Include="Resource Files">
      <UniqueIdentifier>{67DA6AB6-F800-4c08-8B7A-83BB121AAD01}</UniqueIdentifier>
      <Extensions>rc;ico;cur;bmp;dlg;rc2;rct;bin;rgs;gif;jpg;jpeg;jpe;resx;tiff;tif;png;wav;mfcribbon-ms</Extensions>
    </Filter>
  </ItemGroup>
  <ItemGroup>
    <ClCompile Include="code\main.cpp">
      <Filter>Source Files</Filter>
    </ClCompile>
    <ClCompile Include="code\App.cpp">
      <Filter>Source Files</Filter>
    </ClCompile>
    <ClCompile Include="code\ECS\Entities\Entity.cpp">
      <Filter>Source Files</Filter>
    </ClCompile>
    <ClCompile Include="code\ECS\Components\AIComponent.cpp">
      <Filter>Source Files</Filter>
    </ClCompile>
    <ClCompile Include="code\ECS\Components\AnimationComponent.cpp">
      <Filter>Source Files</Filter>
    </ClCompile>
    <ClCompile Include="code\ECS\Components\GraphicsComponent.cpp">
      <Filter>Source Files</Filter>
    </ClCompile>
    <ClCompile Include="code\ECS\Components\PhysicsComponent.cpp">
      <Filter>Source Files</Filter>
    </ClCompile>
    <ClCompile Include="code\ECS\Systems\AISystem.cpp">
      <Filter>Source Files</Filter>
    </ClCompile>
    <ClCompile Include="code\ECS\Systems\AnimationSystem.cpp">
      <Filter>Source Files</Filter>
    </ClCompile>
    <ClCompile Include="code\ECS\Systems\GraphicSystem.cpp">
      <Filter>Source Files</Filter>
    </ClCompile>
    <ClCompile Include="code\ECS\Systems\PhysicsSystem.cpp">
      <Filter>Source Files</Filter>
    </ClCompile>
    <ClCompile Include="code\Items\Item.cpp">
      <Filter>Source Files</Filter>
    </ClCompile>
    <ClCompile Include="code\Items\Capabilities\Attack.cpp">
      <Filter>Source Files</Filter>
    </ClCompile>
    <ClCompile Include="code\Items\Capabilities\Defense.cpp">
      <Filter>Source Files</Filter>
    </ClCompile>
    <ClCompile Include="code\Items\Capabilities\Use.cpp">
      <Filter>Source Files</Filter>
    </ClCompile>
    <ClCompile Include="code\Action\Action.cpp">
      <Filter>Source Files</Filter>
    </ClCompile>
    <ClCompile Include="code\ECS\Entities\Hero.cpp">
      <Filter>Source Files</Filter>
    </ClCompile>
    <ClCompile Include="code\ECS\Entities\Monster.cpp">
      <Filter>Source Files</Filter>
    </ClCompile>
    <ClCompile Include="code\Render\Shader.cpp">
      <Filter>Source Files</Filter>
    </ClCompile>
    <ClCompile Include="dependencies\stb_image\stb_image.cpp">
      <Filter>Source Files</Filter>
    </ClCompile>
    <ClCompile Include="code\ECS\Entities\Wall.cpp">
      <Filter>Source Files</Filter>
    </ClCompile>
    <ClCompile Include="code\ECS\Components\SoundComponent.cpp">
      <Filter>Source Files</Filter>
    </ClCompile>
    <ClCompile Include="code\ECS\Systems\SoundSystem.cpp">
      <Filter>Source Files</Filter>
    </ClCompile>
    <ClCompile Include="code\Network\Client\ClientConnection.cpp">
      <Filter>Source Files</Filter>
    </ClCompile>
    <ClCompile Include="code\Network\Server\ServerConnection.cpp">
      <Filter>Source Files</Filter>
    </ClCompile>
    <ClCompile Include="code\ECS\Systems\NetworkSystem.cpp">
      <Filter>Source Files</Filter>
    </ClCompile>
    <ClCompile Include="code\ECS\Components\NetworkComponent.cpp">
      <Filter>Source Files</Filter>
    </ClCompile>
    <ClCompile Include="code\ECS\Entities\Door.cpp">
      <Filter>Source Files</Filter>
    </ClCompile>
    <ClCompile Include="code\ECS\Entities\Projectile.cpp">
      <Filter>Source Files</Filter>
    </ClCompile>
    <ClCompile Include="code\ECS\Entities\NPC.cpp">
      <Filter>Source Files</Filter>
    </ClCompile>
    <ClCompile Include="code\ECS\Entities\Grass.cpp">
      <Filter>Source Files</Filter>
    </ClCompile>
  </ItemGroup>
  <ItemGroup>
    <ClInclude Include="code\App.h">
      <Filter>Header Files</Filter>
    </ClInclude>
    <ClInclude Include="code\ECS\Entities\Entity.h">
      <Filter>Header Files</Filter>
    </ClInclude>
    <ClInclude Include="code\ECS\Components\AIComponent.h">
      <Filter>Header Files</Filter>
    </ClInclude>
    <ClInclude Include="code\ECS\Components\AnimationComponent.h">
      <Filter>Header Files</Filter>
    </ClInclude>
    <ClInclude Include="code\ECS\Components\GraphicsComponent.h">
      <Filter>Header Files</Filter>
    </ClInclude>
    <ClInclude Include="code\ECS\Components\PhysicsComponent.h">
      <Filter>Header Files</Filter>
    </ClInclude>
    <ClInclude Include="code\ECS\Systems\AISystem.h">
      <Filter>Header Files</Filter>
    </ClInclude>
    <ClInclude Include="code\ECS\Systems\AnimationSystem.h">
      <Filter>Header Files</Filter>
    </ClInclude>
    <ClInclude Include="code\ECS\Systems\GraphicSystem.h">
      <Filter>Header Files</Filter>
    </ClInclude>
    <ClInclude Include="code\ECS\Systems\PhysicsSystem.h">
      <Filter>Header Files</Filter>
    </ClInclude>
    <ClInclude Include="code\Items\Item.h">
      <Filter>Header Files</Filter>
    </ClInclude>
    <ClInclude Include="code\Items\Capabilities\Attack.h">
      <Filter>Header Files</Filter>
    </ClInclude>
    <ClInclude Include="code\Items\Capabilities\Defense.h">
      <Filter>Header Files</Filter>
    </ClInclude>
    <ClInclude Include="code\Items\Capabilities\Use.h">
      <Filter>Header Files</Filter>
    </ClInclude>
    <ClInclude Include="code\Action\Action.h">
      <Filter>Header Files</Filter>
    </ClInclude>
    <ClInclude Include="code\ECS\Entities\Hero.h">
      <Filter>Header Files</Filter>
    </ClInclude>
    <ClInclude Include="code\ECS\Entities\Monster.h">
      <Filter>Header Files</Filter>
    </ClInclude>
    <ClInclude Include="code\Render\Shader.h">
      <Filter>Header Files</Filter>
    </ClInclude>
    <ClInclude Include="dependencies\stb_image\stb_image.h">
      <Filter>Header Files</Filter>
    </ClInclude>
    <ClInclude Include="code\ECS\Entities\Wall.h">
      <Filter>Header Files</Filter>
    </ClInclude>
    <ClInclude Include="code\ECS\Components\SoundComponent.h">
      <Filter>Header Files</Filter>
    </ClInclude>
    <ClInclude Include="code\ECS\Systems\SoundSystem.h">
      <Filter>Header Files</Filter>
    </ClInclude>
    <ClInclude Include="code\common.h">
      <Filter>Header Files</Filter>
    </ClInclude>
    <ClInclude Include="code\Network\Client\ClientConnection.h">
      <Filter>Header Files</Filter>
    </ClInclude>
    <ClInclude Include="code\Network\Server\ServerConnection.h">
      <Filter>Header Files</Filter>
    </ClInclude>
    <ClInclude Include="code\Network\Definitions.hpp">
      <Filter>Header Files</Filter>
    </ClInclude>
    <ClInclude Include="code\ECS\Systems\NetworkSystem.h">
      <Filter>Header Files</Filter>
    </ClInclude>
    <ClInclude Include="code\ECS\Components\NetworkComponent.h">
      <Filter>Header Files</Filter>
    </ClInclude>
    <ClInclude Include="code\ECS\Entities\Door.h">
      <Filter>Header Files</Filter>
    </ClInclude>
    <ClInclude Include="code\ECS\Entities\Projectile.h">
      <Filter>Header Files</Filter>
    </ClInclude>
    <ClInclude Include="code\ECS\Entities\NPC.h">
      <Filter>Header Files</Filter>
    </ClInclude>
    <ClInclude Include="code\ECS\Entities\Grass.h">
      <Filter>Header Files</Filter>
    </ClInclude>
  </ItemGroup>
  <ItemGroup>
    <Font Include="resources\AncientModernTales-a7Po.ttf" />
  </ItemGroup>
  <ItemGroup>
    <None Include="code\shaders\basic.vert" />
    <None Include="code\shaders\basic.frag" />
    <None Include="resources\App.cfg" />
    <None Include="code\shaders\instance.vert" />
    <None Include="code\shaders\instance.frag" />
    <None Include="README.md" />
  </ItemGroup>
  <ItemGroup>
    <Text Include="resources\introduction.txt" />
  </ItemGroup>
</Project>